<Solution>
  <Project Path="src/FluxRisk.Core/FluxRisk.Core.csproj" />
  <Project Path="src/FluxRisk.Infrastructure/FluxRisk.Infrastructure.csproj" />
  <Project Path="src/FluxRisk.Api/FluxRisk.Api.csproj" />
  <Project Path="tests/FluxRisk.Specs/FluxRisk.Specs.csproj" />
  <Project Path="tests/FluxRisk.PostgresSpecs/FluxRisk.PostgresSpecs.csproj" />
  <Project Path="tools/FluxRisk.Load/FluxRisk.Load.csproj" />
</Solution>
